
Microsoft Visual Studio Solution File, Format Version 12.00
# Visual Studio 2012
Project("{FAE04EC0-301F-11D3-BF4B-00C04F79EFBC}") = "Escuelas.AccesoADatos", "Escuelas.AccesoADatos\Escuelas.AccesoADatos.csproj", "{AF424227-473D-4D85-8E20-172AB3CD514A}"
EndProject
Project("{FAE04EC0-301F-11D3-BF4B-00C04F79EFBC}") = "Escuelas.NegocioEntidades", "Escuelas.NegocioEntidades\Escuelas.NegocioEntidades.csproj", "{A9018140-2801-4440-A5FF-3310675C1840}"
EndProject
Project("{FAE04EC0-301F-11D3-BF4B-00C04F79EFBC}") = "Escuelas.NegocioComponentes", "Escuelas.NegocioComponentes\Escuelas.NegocioComponentes.csproj", "{D81E105E-E71A-4F09-AB6B-E2A407D17D80}"
EndProject
Project("{FAE04EC0-301F-11D3-BF4B-00C04F79EFBC}") = "Escuelas.Seguridad", "Escuelas.Seguridad\Escuelas.Seguridad.csproj", "{83953AB8-9295-4705-A9C7-7096D592C0FD}"
EndProject
Project("{FAE04EC0-301F-11D3-BF4B-00C04F79EFBC}") = "Escuelas.Comun", "Escuelas.Comun\Escuelas.Comun.csproj", "{1AEBF0E3-DFAC-47AD-8FDD-569185D88F15}"
EndProject
Project("{FAE04EC0-301F-11D3-BF4B-00C04F79EFBC}") = "Escuelas.UI", "Escuelas.UI\Escuelas.UI.csproj", "{1BE30D9A-BE3C-4823-B58C-ECE309CEA265}"
EndProject
Global
	GlobalSection(SolutionConfigurationPlatforms) = preSolution
		Debug|Any CPU = Debug|Any CPU
		Release|Any CPU = Release|Any CPU
	EndGlobalSection
	GlobalSection(ProjectConfigurationPlatforms) = postSolution
		{AF424227-473D-4D85-8E20-172AB3CD514A}.Debug|Any CPU.ActiveCfg = Debug|Any CPU
		{AF424227-473D-4D85-8E20-172AB3CD514A}.Debug|Any CPU.Build.0 = Debug|Any CPU
		{AF424227-473D-4D85-8E20-172AB3CD514A}.Release|Any CPU.ActiveCfg = Release|Any CPU
		{AF424227-473D-4D85-8E20-172AB3CD514A}.Release|Any CPU.Build.0 = Release|Any CPU
		{A9018140-2801-4440-A5FF-3310675C1840}.Debug|Any CPU.ActiveCfg = Debug|Any CPU
		{A9018140-2801-4440-A5FF-3310675C1840}.Debug|Any CPU.Build.0 = Debug|Any CPU
		{A9018140-2801-4440-A5FF-3310675C1840}.Release|Any CPU.ActiveCfg = Release|Any CPU
		{A9018140-2801-4440-A5FF-3310675C1840}.Release|Any CPU.Build.0 = Release|Any CPU
		{D81E105E-E71A-4F09-AB6B-E2A407D17D80}.Debug|Any CPU.ActiveCfg = Debug|Any CPU
		{D81E105E-E71A-4F09-AB6B-E2A407D17D80}.Debug|Any CPU.Build.0 = Debug|Any CPU
		{D81E105E-E71A-4F09-AB6B-E2A407D17D80}.Release|Any CPU.ActiveCfg = Release|Any CPU
		{D81E105E-E71A-4F09-AB6B-E2A407D17D80}.Release|Any CPU.Build.0 = Release|Any CPU
		{83953AB8-9295-4705-A9C7-7096D592C0FD}.Debug|Any CPU.ActiveCfg = Debug|Any CPU
		{83953AB8-9295-4705-A9C7-7096D592C0FD}.Debug|Any CPU.Build.0 = Debug|Any CPU
		{83953AB8-9295-4705-A9C7-7096D592C0FD}.Release|Any CPU.ActiveCfg = Release|Any CPU
		{83953AB8-9295-4705-A9C7-7096D592C0FD}.Release|Any CPU.Build.0 = Release|Any CPU
		{1AEBF0E3-DFAC-47AD-8FDD-569185D88F15}.Debug|Any CPU.ActiveCfg = Debug|Any CPU
		{1AEBF0E3-DFAC-47AD-8FDD-569185D88F15}.Debug|Any CPU.Build.0 = Debug|Any CPU
		{1AEBF0E3-DFAC-47AD-8FDD-569185D88F15}.Release|Any CPU.ActiveCfg = Release|Any CPU
		{1AEBF0E3-DFAC-47AD-8FDD-569185D88F15}.Release|Any CPU.Build.0 = Release|Any CPU
		{1BE30D9A-BE3C-4823-B58C-ECE309CEA265}.Debug|Any CPU.ActiveCfg = Debug|Any CPU
		{1BE30D9A-BE3C-4823-B58C-ECE309CEA265}.Debug|Any CPU.Build.0 = Debug|Any CPU
		{1BE30D9A-BE3C-4823-B58C-ECE309CEA265}.Release|Any CPU.ActiveCfg = Release|Any CPU
		{1BE30D9A-BE3C-4823-B58C-ECE309CEA265}.Release|Any CPU.Build.0 = Release|Any CPU
	EndGlobalSection
	GlobalSection(SolutionProperties) = preSolution
		HideSolutionNode = FALSE
	EndGlobalSection
	GlobalSection(ExtensibilityGlobals) = postSolution
		VisualSVNWorkingCopyRoot = .
	EndGlobalSection
EndGlobal
