
Microsoft Visual Studio Solution File, Format Version 12.00
# Visual Studio 2012
Project("{FAE04EC0-301F-11D3-BF4B-00C04F79EFBC}") = "caece-proyecto1-escuelas", "caece-proyecto1-escuelas\caece-proyecto1-escuelas.csproj", "{5C7C89A9-FEE4-429B-9F60-323785841518}"
EndProject
Project("{FAE04EC0-301F-11D3-BF4B-00C04F79EFBC}") = "caece-proyecto1-escuelas.Tests", "caece-proyecto1-escuelas.Tests\caece-proyecto1-escuelas.Tests.csproj", "{CA1BC8AB-B3EE-49F7-86C9-7105A54A99A9}"
EndProject
Global
	GlobalSection(SolutionConfigurationPlatforms) = preSolution
		Debug|Any CPU = Debug|Any CPU
		Release|Any CPU = Release|Any CPU
	EndGlobalSection
	GlobalSection(ProjectConfigurationPlatforms) = postSolution
		{5C7C89A9-FEE4-429B-9F60-323785841518}.Debug|Any CPU.ActiveCfg = Debug|Any CPU
		{5C7C89A9-FEE4-429B-9F60-323785841518}.Debug|Any CPU.Build.0 = Debug|Any CPU
		{5C7C89A9-FEE4-429B-9F60-323785841518}.Release|Any CPU.ActiveCfg = Release|Any CPU
		{5C7C89A9-FEE4-429B-9F60-323785841518}.Release|Any CPU.Build.0 = Release|Any CPU
		{CA1BC8AB-B3EE-49F7-86C9-7105A54A99A9}.Debug|Any CPU.ActiveCfg = Debug|Any CPU
		{CA1BC8AB-B3EE-49F7-86C9-7105A54A99A9}.Debug|Any CPU.Build.0 = Debug|Any CPU
		{CA1BC8AB-B3EE-49F7-86C9-7105A54A99A9}.Release|Any CPU.ActiveCfg = Release|Any CPU
		{CA1BC8AB-B3EE-49F7-86C9-7105A54A99A9}.Release|Any CPU.Build.0 = Release|Any CPU
	EndGlobalSection
	GlobalSection(SolutionProperties) = preSolution
		HideSolutionNode = FALSE
	EndGlobalSection
	GlobalSection(ExtensibilityGlobals) = postSolution
		VisualSVNWorkingCopyRoot = .
	EndGlobalSection
EndGlobal
